
Microsoft Visual Studio Solution File, Format Version 12.00
# Visual Studio Version 17
VisualStudioVersion = 17.6.33815.320
MinimumVisualStudioVersion = 10.0.40219.1
Project("{9A19103F-16F7-4668-BE54-9A1E7A4F7556}") = "WPFReport", "WPFReport\WPFReport.csproj", "{21F0EFE4-79A8-42A5-959B-F8F4A185A9E4}"
EndProject
Project("{FAE04EC0-301F-11D3-BF4B-00C04F79EFBC}") = "ControlsAndLayout", "ControlsAndLayout\ControlsAndLayout.csproj", "{0EA77EE5-9B08-4788-AFD0-C89E489BD685}"
EndProject
Global
	GlobalSection(SolutionConfigurationPlatforms) = preSolution
		Debug|Any CPU = Debug|Any CPU
		Release|Any CPU = Release|Any CPU
	EndGlobalSection
	GlobalSection(ProjectConfigurationPlatforms) = postSolution
		{21F0EFE4-79A8-42A5-959B-F8F4A185A9E4}.Debug|Any CPU.ActiveCfg = Debug|Any CPU
		{21F0EFE4-79A8-42A5-959B-F8F4A185A9E4}.Debug|Any CPU.Build.0 = Debug|Any CPU
		{21F0EFE4-79A8-42A5-959B-F8F4A185A9E4}.Release|Any CPU.ActiveCfg = Release|Any CPU
		{21F0EFE4-79A8-42A5-959B-F8F4A185A9E4}.Release|Any CPU.Build.0 = Release|Any CPU
		{0EA77EE5-9B08-4788-AFD0-C89E489BD685}.Debug|Any CPU.ActiveCfg = Debug|Any CPU
		{0EA77EE5-9B08-4788-AFD0-C89E489BD685}.Debug|Any CPU.Build.0 = Debug|Any CPU
		{0EA77EE5-9B08-4788-AFD0-C89E489BD685}.Release|Any CPU.ActiveCfg = Release|Any CPU
		{0EA77EE5-9B08-4788-AFD0-C89E489BD685}.Release|Any CPU.Build.0 = Release|Any CPU
	EndGlobalSection
	GlobalSection(SolutionProperties) = preSolution
		HideSolutionNode = FALSE
	EndGlobalSection
	GlobalSection(ExtensibilityGlobals) = postSolution
		SolutionGuid = {812B2A58-AF88-4A46-B392-389E8F05658B}
	EndGlobalSection
EndGlobal
