
Microsoft Visual Studio Solution File, Format Version 12.00
# Visual Studio Version 17
VisualStudioVersion = 17.6.33815.320
MinimumVisualStudioVersion = 10.0.40219.1
Project("{FAE04EC0-301F-11D3-BF4B-00C04F79EFBC}") = "WPFReport", "WPFReport.csproj", "{4A1F68E0-C07D-4BFC-8562-DB3C0A6ACC25}"
EndProject
Global
	GlobalSection(SolutionConfigurationPlatforms) = preSolution
		Debug|Any CPU = Debug|Any CPU
		Release|Any CPU = Release|Any CPU
	EndGlobalSection
	GlobalSection(ProjectConfigurationPlatforms) = postSolution
		{4A1F68E0-C07D-4BFC-8562-DB3C0A6ACC25}.Debug|Any CPU.ActiveCfg = Debug|Any CPU
		{4A1F68E0-C07D-4BFC-8562-DB3C0A6ACC25}.Debug|Any CPU.Build.0 = Debug|Any CPU
		{4A1F68E0-C07D-4BFC-8562-DB3C0A6ACC25}.Release|Any CPU.ActiveCfg = Release|Any CPU
		{4A1F68E0-C07D-4BFC-8562-DB3C0A6ACC25}.Release|Any CPU.Build.0 = Release|Any CPU
	EndGlobalSection
	GlobalSection(SolutionProperties) = preSolution
		HideSolutionNode = FALSE
	EndGlobalSection
	GlobalSection(ExtensibilityGlobals) = postSolution
		SolutionGuid = {521BCBB0-8CA5-49ED-8119-84581E720182}
	EndGlobalSection
EndGlobal
